
Microsoft Visual Studio Solution File, Format Version 12.00
# Visual Studio Version 16
VisualStudioVersion = 16.0.29411.108
MinimumVisualStudioVersion = 10.0.40219.1
Project("{8BC9CEB8-8B4A-11D0-8D11-00A0C91BC942}") = "HW", "HW\HW.vcxproj", "{A9E6BE6F-B33B-4DEE-826C-B8741FC7A62A}"
EndProject
Global
	GlobalSection(SolutionConfigurationPlatforms) = preSolution
		Debug|x64 = Debug|x64
		Debug|x86 = Debug|x86
		Release|x64 = Release|x64
		Release|x86 = Release|x86
	EndGlobalSection
	GlobalSection(ProjectConfigurationPlatforms) = postSolution
		{A9E6BE6F-B33B-4DEE-826C-B8741FC7A62A}.Debug|x64.ActiveCfg = Debug|x64
		{A9E6BE6F-B33B-4DEE-826C-B8741FC7A62A}.Debug|x64.Build.0 = Debug|x64
		{A9E6BE6F-B33B-4DEE-826C-B8741FC7A62A}.Debug|x86.ActiveCfg = Debug|Win32
		{A9E6BE6F-B33B-4DEE-826C-B8741FC7A62A}.Debug|x86.Build.0 = Debug|Win32
		{A9E6BE6F-B33B-4DEE-826C-B8741FC7A62A}.Release|x64.ActiveCfg = Release|x64
		{A9E6BE6F-B33B-4DEE-826C-B8741FC7A62A}.Release|x64.Build.0 = Release|x64
		{A9E6BE6F-B33B-4DEE-826C-B8741FC7A62A}.Release|x86.ActiveCfg = Release|Win32
		{A9E6BE6F-B33B-4DEE-826C-B8741FC7A62A}.Release|x86.Build.0 = Release|Win32
	EndGlobalSection
	GlobalSection(SolutionProperties) = preSolution
		HideSolutionNode = FALSE
	EndGlobalSection
	GlobalSection(ExtensibilityGlobals) = postSolution
		SolutionGuid = {22A43425-8D3C-4D5E-8C51-C753689F70FA}
	EndGlobalSection
EndGlobal
